// !$*UTF8*$!
{
	archiveVersion = 1;
	classes = {
	};
	objectVersion = 77;
	objects = {

/* Begin PBXBuildFile section */
		26A334372E92DE9F001ADEE9 /* FirebaseAuth in Frameworks */ = {isa = PBXBuildFile; productRef = 26A334362E92DE9F001ADEE9 /* FirebaseAuth */; };
		26A334392E92DE9F001ADEE9 /* FirebaseFirestore in Frameworks */ = {isa = PBXBuildFile; productRef = 26A334382E92DE9F001ADEE9 /* FirebaseFirestore */; };
		26A3343B2E92DE9F001ADEE9 /* FirebaseStorage in Frameworks */ = {isa = PBXBuildFile; productRef = 26A3343A2E92DE9F001ADEE9 /* FirebaseStorage */; };
		26F50B1E2E96ADE9008E66F3 /* FirebaseCore in Frameworks */ = {isa = PBXBuildFile; productRef = 26F50B1D2E96ADE9008E66F3 /* FirebaseCore */; };
/* End PBXBuildFile section */

/* Begin PBXContainerItemProxy section */
		26A333DD2E91AAE8001ADEE9 /* PBXContainerItemProxy */ = {
			isa = PBXContainerItemProxy;
			containerPortal = 26A333C72E91AAE7001ADEE9 /* Project object */;
			proxyType = 1;
			remoteGlobalIDString = 26A333CE2E91AAE7001ADEE9;
			remoteInfo = "vibe 1";
		};
		26A333E72E91AAE8001ADEE9 /* PBXContainerItemProxy */ = {
			isa = PBXContainerItemProxy;
			containerPortal = 26A333C72E91AAE7001ADEE9 /* Project object */;
			proxyType = 1;
			remoteGlobalIDString = 26A333CE2E91AAE7001ADEE9;
			remoteInfo = "vibe 1";
		};
/* End PBXContainerItemProxy section */

/* Begin PBXFileReference section */
		26A333CF2E91AAE7001ADEE9 /* vibe 1.app */ = {isa = PBXFileReference; explicitFileType = wrapper.application; includeInIndex = 0; path = "vibe 1.app"; sourceTree = BUILT_PRODUCTS_DIR; };
		26A333DC2E91AAE8001ADEE9 /* vibe 1Tests.xctest */ = {isa = PBXFileReference; explicitFileType = wrapper.cfbundle; includeInIndex = 0; path = "vibe 1Tests.xctest"; sourceTree = BUILT_PRODUCTS_DIR; };
		26A333E62E91AAE8001ADEE9 /* vibe 1UITests.xctest */ = {isa = PBXFileReference; explicitFileType = wrapper.cfbundle; includeInIndex = 0; path = "vibe 1UITests.xctest"; sourceTree = BUILT_PRODUCTS_DIR; };
/* End PBXFileReference section */

/* Begin PBXFileSystemSynchronizedRootGroup section */
		26A333D12E91AAE7001ADEE9 /* vibe 1 */ = {
			isa = PBXFileSystemSynchronizedRootGroup;
			path = "vibe 1";
			sourceTree = "<group>";
		};
		26A333DF2E91AAE8001ADEE9 /* vibe 1Tests */ = {
			isa = PBXFileSystemSynchronizedRootGroup;
			path = "vibe 1Tests";
			sourceTree = "<group>";
		};
		26A333FF2E91ABA9001ADEE9 /* Source */ = {
			isa = PBXFileSystemSynchronizedRootGroup;
			path = Source;
			sourceTree = "<group>";
		};
/* End PBXFileSystemSynchronizedRootGroup section */

/* Begin PBXFrameworksBuildPhase section */
		26A333CC2E91AAE7001ADEE9 /* Frameworks */ = {
			isa = PBXFrameworksBuildPhase;
			buildActionMask = 2147483647;
			files = (
				26A334372E92DE9F001ADEE9 /* FirebaseAuth in Frameworks */,
				26A334392E92DE9F001ADEE9 /* FirebaseFirestore in Frameworks */,
				26F50B1E2E96ADE9008E66F3 /* FirebaseCore in Frameworks */,
				26A3343B2E92DE9F001ADEE9 /* FirebaseStorage in Frameworks */,
			);
			runOnlyForDeploymentPostprocessing = 0;
		};
		26A333D92E91AAE8001ADEE9 /* Frameworks */ = {
			isa = PBXFrameworksBuildPhase;
			buildActionMask = 2147483647;
			files = (
			);
			runOnlyForDeploymentPostprocessing = 0;
		};
		26A333E32E91AAE8001ADEE9 /* Frameworks */ = {
			isa = PBXFrameworksBuildPhase;
			buildActionMask = 2147483647;
			files = (
			);
			runOnlyForDeploymentPostprocessing = 0;
		};
/* End PBXFrameworksBuildPhase section */

/* Begin PBXGroup section */
		26A333C62E91AAE7001ADEE9 = {
			isa = PBXGroup;
			children = (
				26A333D12E91AAE7001ADEE9 /* vibe 1 */,
				26A333DF2E91AAE8001ADEE9 /* vibe 1Tests */,
				26A333FF2E91ABA9001ADEE9 /* Source */,
				26A333D02E91AAE7001ADEE9 /* Products */,
			);
			sourceTree = "<group>";
		};
		26A333D02E91AAE7001ADEE9 /* Products */ = {
			isa = PBXGroup;
			children = (
				26A333CF2E91AAE7001ADEE9 /* vibe 1.app */,
				26A333DC2E91AAE8001ADEE9 /* vibe 1Tests.xctest */,
				26A333E62E91AAE8001ADEE9 /* vibe 1UITests.xctest */,
			);
			name = Products;
			sourceTree = "<group>";
		};
/* End PBXGroup section */

/* Begin PBXNativeTarget section */
		26A333CE2E91AAE7001ADEE9 /* vibe 1 */ = {
			isa = PBXNativeTarget;
			buildConfigurationList = 26A333F02E91AAE8001ADEE9 /* Build configuration list for PBXNativeTarget "vibe 1" */;
			buildPhases = (
				26A333CB2E91AAE7001ADEE9 /* Sources */,
				26A333CC2E91AAE7001ADEE9 /* Frameworks */,
				26A333CD2E91AAE7001ADEE9 /* Resources */,
			);
			buildRules = (
			);
			dependencies = (
			);
			fileSystemSynchronizedGroups = (
				26A333D12E91AAE7001ADEE9 /* vibe 1 */,
			);
			name = "vibe 1";
			packageProductDependencies = (
				26A334362E92DE9F001ADEE9 /* FirebaseAuth */,
				26A334382E92DE9F001ADEE9 /* FirebaseFirestore */,
				26A3343A2E92DE9F001ADEE9 /* FirebaseStorage */,
				26F50B1D2E96ADE9008E66F3 /* FirebaseCore */,
			);
			productName = "vibe 1";
			productReference = 26A333CF2E91AAE7001ADEE9 /* vibe 1.app */;
			productType = "com.apple.product-type.application";
		};
		26A333DB2E91AAE8001ADEE9 /* vibe 1Tests */ = {
			isa = PBXNativeTarget;
			buildConfigurationList = 26A333F32E91AAE8001ADEE9 /* Build configuration list for PBXNativeTarget "vibe 1Tests" */;
			buildPhases = (
				26A333D82E91AAE8001ADEE9 /* Sources */,
				26A333D92E91AAE8001ADEE9 /* Frameworks */,
				26A333DA2E91AAE8001ADEE9 /* Resources */,
			);
			buildRules = (
			);
			dependencies = (
				26A333DE2E91AAE8001ADEE9 /* PBXTargetDependency */,
			);
			fileSystemSynchronizedGroups = (
				26A333DF2E91AAE8001ADEE9 /* vibe 1Tests */,
			);
			name = "vibe 1Tests";
			packageProductDependencies = (
			);
			productName = "vibe 1Tests";
			productReference = 26A333DC2E91AAE8001ADEE9 /* vibe 1Tests.xctest */;
			productType = "com.apple.product-type.bundle.unit-test";
		};
		26A333E52E91AAE8001ADEE9 /* vibe 1UITests */ = {
			isa = PBXNativeTarget;
			buildConfigurationList = 26A333F62E91AAE8001ADEE9 /* Build configuration list for PBXNativeTarget "vibe 1UITests" */;
			buildPhases = (
				26A333E22E91AAE8001ADEE9 /* Sources */,
				26A333E32E91AAE8001ADEE9 /* Frameworks */,
				26A333E42E91AAE8001ADEE9 /* Resources */,
			);
			buildRules = (
			);
			dependencies = (
				26A333E82E91AAE8001ADEE9 /* PBXTargetDependency */,
			);
			fileSystemSynchronizedGroups = (
				26A333FF2E91ABA9001ADEE9 /* Source */,
			);
			name = "vibe 1UITests";
			packageProductDependencies = (
			);
			productName = "vibe 1UITests";
			productReference = 26A333E62E91AAE8001ADEE9 /* vibe 1UITests.xctest */;
			productType = "com.apple.product-type.bundle.ui-testing";
		};
/* End PBXNativeTarget section */

/* Begin PBXProject section */
		26A333C72E91AAE7001ADEE9 /* Project object */ = {
			isa = PBXProject;
			attributes = {
				BuildIndependentTargetsInParallel = 1;
				LastSwiftUpdateCheck = 1630;
				LastUpgradeCheck = 1630;
				TargetAttributes = {
					26A333CE2E91AAE7001ADEE9 = {
						CreatedOnToolsVersion = 16.3;
					};
					26A333DB2E91AAE8001ADEE9 = {
						CreatedOnToolsVersion = 16.3;
						TestTargetID = 26A333CE2E91AAE7001ADEE9;
					};
					26A333E52E91AAE8001ADEE9 = {
						CreatedOnToolsVersion = 16.3;
						TestTargetID = 26A333CE2E91AAE7001ADEE9;
					};
				};
			};
			buildConfigurationList = 26A333CA2E91AAE7001ADEE9 /* Build configuration list for PBXProject "vibe 1" */;
			developmentRegion = en;
			hasScannedForEncodings = 0;
			knownRegions = (
				en,
				Base,
			);
			mainGroup = 26A333C62E91AAE7001ADEE9;
			minimizedProjectReferenceProxies = 1;
			packageReferences = (
				26A334352E92DE9F001ADEE9 /* XCRemoteSwiftPackageReference "firebase-ios-sdk" */,
			);
			preferredProjectObjectVersion = 77;
			productRefGroup = 26A333D02E91AAE7001ADEE9 /* Products */;
			projectDirPath = "";
			projectRoot = "";
			targets = (
				26A333CE2E91AAE7001ADEE9 /* vibe 1 */,
				26A333DB2E91AAE8001ADEE9 /* vibe 1Tests */,
				26A333E52E91AAE8001ADEE9 /* vibe 1UITests */,
			);
		};
/* End PBXProject section */

/* Begin PBXResourcesBuildPhase section */
		26A333CD2E91AAE7001ADEE9 /* Resources */ = {
			isa = PBXResourcesBuildPhase;
			buildActionMask = 2147483647;
			files = (
			);
			runOnlyForDeploymentPostprocessing = 0;
		};
		26A333DA2E91AAE8001ADEE9 /* Resources */ = {
			isa = PBXResourcesBuildPhase;
			buildActionMask = 2147483647;
			files = (
			);
			runOnlyForDeploymentPostprocessing = 0;
		};
		26A333E42E91AAE8001ADEE9 /* Resources */ = {
			isa = PBXResourcesBuildPhase;
			buildActionMask = 2147483647;
			files = (
			);
			runOnlyForDeploymentPostprocessing = 0;
		};
/* End PBXResourcesBuildPhase section */

/* Begin PBXSourcesBuildPhase section */
		26A333CB2E91AAE7001ADEE9 /* Sources */ = {
			isa = PBXSourcesBuildPhase;
			buildActionMask = 2147483647;
			files = (
			);
			runOnlyForDeploymentPostprocessing = 0;
		};
		26A333D82E91AAE8001ADEE9 /* Sources */ = {
			isa = PBXSourcesBuildPhase;
			buildActionMask = 2147483647;
			files = (
			);
			runOnlyForDeploymentPostprocessing = 0;
		};
		26A333E22E91AAE8001ADEE9 /* Sources */ = {
			isa = PBXSourcesBuildPhase;
			buildActionMask = 2147483647;
			files = (
			);
			runOnlyForDeploymentPostprocessing = 0;
		};
/* End PBXSourcesBuildPhase section */

/* Begin PBXTargetDependency section */
		26A333DE2E91AAE8001ADEE9 /* PBXTargetDependency */ = {
			isa = PBXTargetDependency;
			target = 26A333CE2E91AAE7001ADEE9 /* vibe 1 */;
			targetProxy = 26A333DD2E91AAE8001ADEE9 /* PBXContainerItemProxy */;
		};
		26A333E82E91AAE8001ADEE9 /* PBXTargetDependency */ = {
			isa = PBXTargetDependency;
			target = 26A333CE2E91AAE7001ADEE9 /* vibe 1 */;
			targetProxy = 26A333E72E91AAE8001ADEE9 /* PBXContainerItemProxy */;
		};
/* End PBXTargetDependency section */

/* Begin XCBuildConfiguration section */
		26A333EE2E91AAE8001ADEE9 /* Debug */ = {
			isa = XCBuildConfiguration;
			buildSettings = {
				ALWAYS_SEARCH_USER_PATHS = NO;
				ASSETCATALOG_COMPILER_GENERATE_SWIFT_ASSET_SYMBOL_EXTENSIONS = YES;
				CLANG_ANALYZER_NONNULL = YES;
				CLANG_ANALYZER_NUMBER_OBJECT_CONVERSION = YES_AGGRESSIVE;
				CLANG_CXX_LANGUAGE_STANDARD = "gnu++20";
				CLANG_ENABLE_MODULES = YES;
				CLANG_ENABLE_OBJC_ARC = YES;
				CLANG_ENABLE_OBJC_WEAK = YES;
				CLANG_WARN_BLOCK_CAPTURE_AUTORELEASING = YES;
				CLANG_WARN_BOOL_CONVERSION = YES;
				CLANG_WARN_COMMA = YES;
				CLANG_WARN_CONSTANT_CONVERSION = YES;
				CLANG_WARN_DEPRECATED_OBJC_IMPLEMENTATIONS = YES;
				CLANG_WARN_DIRECT_OBJC_ISA_USAGE = YES_ERROR;
				CLANG_WARN_DOCUMENTATION_COMMENTS = YES;
				CLANG_WARN_EMPTY_BODY = YES;
				CLANG_WARN_ENUM_CONVERSION = YES;
				CLANG_WARN_INFINITE_RECURSION = YES;
				CLANG_WARN_INT_CONVERSION = YES;
				CLANG_WARN_NON_LITERAL_NULL_CONVERSION = YES;
				CLANG_WARN_OBJC_IMPLICIT_RETAIN_SELF = YES;
				CLANG_WARN_OBJC_LITERAL_CONVERSION = YES;
				CLANG_WARN_OBJC_ROOT_CLASS = YES_ERROR;
				CLANG_WARN_QUOTED_INCLUDE_IN_FRAMEWORK_HEADER = YES;
				CLANG_WARN_RANGE_LOOP_ANALYSIS = YES;
				CLANG_WARN_STRICT_PROTOTYPES = YES;
				CLANG_WARN_SUSPICIOUS_MOVE = YES;
				CLANG_WARN_UNGUARDED_AVAILABILITY = YES_AGGRESSIVE;
				CLANG_WARN_UNREACHABLE_CODE = YES;
				CLANG_WARN__DUPLICATE_METHOD_MATCH = YES;
				COPY_PHASE_STRIP = NO;
				DEBUG_INFORMATION_FORMAT = dwarf;
				ENABLE_STRICT_OBJC_MSGSEND = YES;
				ENABLE_TESTABILITY = YES;
				ENABLE_USER_SCRIPT_SANDBOXING = YES;
				GCC_C_LANGUAGE_STANDARD = gnu17;
				GCC_DYNAMIC_NO_PIC = NO;
				GCC_NO_COMMON_BLOCKS = YES;
				GCC_OPTIMIZATION_LEVEL = 0;
				GCC_PREPROCESSOR_DEFINITIONS = (
					"DEBUG=1",
					"$(inherited)",
				);
				GCC_WARN_64_TO_32_BIT_CONVERSION = YES;
				GCC_WARN_ABOUT_RETURN_TYPE = YES_ERROR;
				GCC_WARN_UNDECLARED_SELECTOR = YES;
				GCC_WARN_UNINITIALIZED_AUTOS = YES_AGGRESSIVE;
				GCC_WARN_UNUSED_FUNCTION = YES;
				GCC_WARN_UNUSED_VARIABLE = YES;
				IPHONEOS_DEPLOYMENT_TARGET = 18.4;
				LOCALIZATION_PREFERS_STRING_CATALOGS = YES;
				MTL_ENABLE_DEBUG_INFO = INCLUDE_SOURCE;
				MTL_FAST_MATH = YES;
				ONLY_ACTIVE_ARCH = YES;
				SDKROOT = iphoneos;
				SWIFT_ACTIVE_COMPILATION_CONDITIONS = "DEBUG $(inherited)";
				SWIFT_OPTIMIZATION_LEVEL = "-Onone";
			};
			name = Debug;
		};
		26A333EF2E91AAE8001ADEE9 /* Release */ = {
			isa = XCBuildConfiguration;
			buildSettings = {
				ALWAYS_SEARCH_USER_PATHS = NO;
				ASSETCATALOG_COMPILER_GENERATE_SWIFT_ASSET_SYMBOL_EXTENSIONS = YES;
				CLANG_ANALYZER_NONNULL = YES;
				CLANG_ANALYZER_NUMBER_OBJECT_CONVERSION = YES_AGGRESSIVE;
				CLANG_CXX_LANGUAGE_STANDARD = "gnu++20";
				CLANG_ENABLE_MODULES = YES;
				CLANG_ENABLE_OBJC_ARC = YES;
				CLANG_ENABLE_OBJC_WEAK = YES;
				CLANG_WARN_BLOCK_CAPTURE_AUTORELEASING = YES;
				CLANG_WARN_BOOL_CONVERSION = YES;
				CLANG_WARN_COMMA = YES;
				CLANG_WARN_CONSTANT_CONVERSION = YES;
				CLANG_WARN_DEPRECATED_OBJC_IMPLEMENTATIONS = YES;
				CLANG_WARN_DIRECT_OBJC_ISA_USAGE = YES_ERROR;
				CLANG_WARN_DOCUMENTATION_COMMENTS = YES;
				CLANG_WARN_EMPTY_BODY = YES;
				CLANG_WARN_ENUM_CONVERSION = YES;
				CLANG_WARN_INFINITE_RECURSION = YES;
				CLANG_WARN_INT_CONVERSION = YES;
				CLANG_WARN_NON_LITERAL_NULL_CONVERSION = YES;
				CLANG_WARN_OBJC_IMPLICIT_RETAIN_SELF = YES;
				CLANG_WARN_OBJC_LITERAL_CONVERSION = YES;
				CLANG_WARN_OBJC_ROOT_CLASS = YES_ERROR;
				CLANG_WARN_QUOTED_INCLUDE_IN_FRAMEWORK_HEADER = YES;
				CLANG_WARN_RANGE_LOOP_ANALYSIS = YES;
				CLANG_WARN_STRICT_PROTOTYPES = YES;
				CLANG_WARN_SUSPICIOUS_MOVE = YES;
				CLANG_WARN_UNGUARDED_AVAILABILITY = YES_AGGRESSIVE;
				CLANG_WARN_UNREACHABLE_CODE = YES;
				CLANG_WARN__DUPLICATE_METHOD_MATCH = YES;
				COPY_PHASE_STRIP = NO;
				DEBUG_INFORMATION_FORMAT = "dwarf-with-dsym";
				ENABLE_NS_ASSERTIONS = NO;
				ENABLE_STRICT_OBJC_MSGSEND = YES;
				ENABLE_USER_SCRIPT_SANDBOXING = YES;
				GCC_C_LANGUAGE_STANDARD = gnu17;
				GCC_NO_COMMON_BLOCKS = YES;
				GCC_WARN_64_TO_32_BIT_CONVERSION = YES;
				GCC_WARN_ABOUT_RETURN_TYPE = YES_ERROR;
				GCC_WARN_UNDECLARED_SELECTOR = YES;
				GCC_WARN_UNINITIALIZED_AUTOS = YES_AGGRESSIVE;
				GCC_WARN_UNUSED_FUNCTION = YES;
				GCC_WARN_UNUSED_VARIABLE = YES;
				IPHONEOS_DEPLOYMENT_TARGET = 18.4;
				LOCALIZATION_PREFERS_STRING_CATALOGS = YES;
				MTL_ENABLE_DEBUG_INFO = NO;
				MTL_FAST_MATH = YES;
				SDKROOT = iphoneos;
				SWIFT_COMPILATION_MODE = wholemodule;
				VALIDATE_PRODUCT = YES;
			};
			name = Release;
		};
		26A333F12E91AAE8001ADEE9 /* Debug */ = {
			isa = XCBuildConfiguration;
			buildSettings = {
				ASSETCATALOG_COMPILER_APPICON_NAME = AppIcon;
				ASSETCATALOG_COMPILER_GLOBAL_ACCENT_COLOR_NAME = AccentColor;
				CODE_SIGN_STYLE = Automatic;
				CURRENT_PROJECT_VERSION = 1;
				DEVELOPMENT_TEAM = VNZ2R6ZC34;
				ENABLE_PREVIEWS = YES;
				GENERATE_INFOPLIST_FILE = YES;
				INFOPLIST_KEY_NSCameraUsageDescription = "We use the camera so you can take a profile photo.";
				INFOPLIST_KEY_NSContactsUsageDescription = "We access your contacts to make it easier to stay accountable with people you love.";
				INFOPLIST_KEY_NSPhotoLibraryAddUsageDescription = "We may save photos you take for use as your profile image.";
				INFOPLIST_KEY_NSPhotoLibraryUsageDescription = "We access your photo library so you can select a profile photo.";
				INFOPLIST_KEY_UIApplicationSceneManifest_Generation = YES;
				INFOPLIST_KEY_UIApplicationSupportsIndirectInputEvents = YES;
				INFOPLIST_KEY_UILaunchScreen_Generation = YES;
				INFOPLIST_KEY_UISupportedInterfaceOrientations_iPad = "UIInterfaceOrientationPortrait UIInterfaceOrientationPortraitUpsideDown UIInterfaceOrientationLandscapeLeft UIInterfaceOrientationLandscapeRight";
				INFOPLIST_KEY_UISupportedInterfaceOrientations_iPhone = "UIInterfaceOrientationPortrait UIInterfaceOrientationLandscapeLeft UIInterfaceOrientationLandscapeRight";
				LD_RUNPATH_SEARCH_PATHS = (
					"$(inherited)",
					"@executable_path/Frameworks",
				);
				MARKETING_VERSION = 1.0;
				PRODUCT_BUNDLE_IDENTIFIER = "jamie.vibe-1";
				PRODUCT_NAME = "$(TARGET_NAME)";
				SWIFT_EMIT_LOC_STRINGS = YES;
				SWIFT_VERSION = 5.0;
				TARGETED_DEVICE_FAMILY = "1,2";
			};
			name = Debug;
		};
		26A333F22E91AAE8001ADEE9 /* Release */ = {
			isa = XCBuildConfiguration;
			buildSettings = {
				ASSETCATALOG_COMPILER_APPICON_NAME = AppIcon;
				ASSETCATALOG_COMPILER_GLOBAL_ACCENT_COLOR_NAME = AccentColor;
				CODE_SIGN_STYLE = Automatic;
				CURRENT_PROJECT_VERSION = 1;
				DEVELOPMENT_TEAM = VNZ2R6ZC34;
				ENABLE_PREVIEWS = YES;
				GENERATE_INFOPLIST_FILE = YES;
				INFOPLIST_KEY_NSCameraUsageDescription = "We use the camera so you can take a profile photo.";
				INFOPLIST_KEY_NSContactsUsageDescription = "We access your contacts to make it easier to stay accountable with people you love.";
				INFOPLIST_KEY_NSPhotoLibraryAddUsageDescription = "We may save photos you take for use as your profile image.";
				INFOPLIST_KEY_NSPhotoLibraryUsageDescription = "We access your photo library so you can select a profile photo.";
				INFOPLIST_KEY_UIApplicationSceneManifest_Generation = YES;
				INFOPLIST_KEY_UIApplicationSupportsIndirectInputEvents = YES;
				INFOPLIST_KEY_UILaunchScreen_Generation = YES;
				INFOPLIST_KEY_UISupportedInterfaceOrientations_iPad = "UIInterfaceOrientationPortrait UIInterfaceOrientationPortraitUpsideDown UIInterfaceOrientationLandscapeLeft UIInterfaceOrientationLandscapeRight";
				INFOPLIST_KEY_UISupportedInterfaceOrientations_iPhone = "UIInterfaceOrientationPortrait UIInterfaceOrientationLandscapeLeft UIInterfaceOrientationLandscapeRight";
				LD_RUNPATH_SEARCH_PATHS = (
					"$(inherited)",
					"@executable_path/Frameworks",
				);
				MARKETING_VERSION = 1.0;
				PRODUCT_BUNDLE_IDENTIFIER = "jamie.vibe-1";
				PRODUCT_NAME = "$(TARGET_NAME)";
				SWIFT_EMIT_LOC_STRINGS = YES;
				SWIFT_VERSION = 5.0;
				TARGETED_DEVICE_FAMILY = "1,2";
			};
			name = Release;
		};
		26A333F42E91AAE8001ADEE9 /* Debug */ = {
			isa = XCBuildConfiguration;
			buildSettings = {
				BUNDLE_LOADER = "$(TEST_HOST)";
				CODE_SIGN_STYLE = Automatic;
				CURRENT_PROJECT_VERSION = 1;
				GENERATE_INFOPLIST_FILE = YES;
				IPHONEOS_DEPLOYMENT_TARGET = 18.4;
				MARKETING_VERSION = 1.0;
				PRODUCT_BUNDLE_IDENTIFIER = "jamie.vibe-1Tests";
				PRODUCT_NAME = "$(TARGET_NAME)";
				SWIFT_EMIT_LOC_STRINGS = NO;
				SWIFT_VERSION = 5.0;
				TARGETED_DEVICE_FAMILY = "1,2";
				TEST_HOST = "$(BUILT_PRODUCTS_DIR)/vibe 1.app/$(BUNDLE_EXECUTABLE_FOLDER_PATH)/vibe 1";
			};
			name = Debug;
		};
		26A333F52E91AAE8001ADEE9 /* Release */ = {
			isa = XCBuildConfiguration;
			buildSettings = {
				BUNDLE_LOADER = "$(TEST_HOST)";
				CODE_SIGN_STYLE = Automatic;
				CURRENT_PROJECT_VERSION = 1;
				GENERATE_INFOPLIST_FILE = YES;
				IPHONEOS_DEPLOYMENT_TARGET = 18.4;
				MARKETING_VERSION = 1.0;
				PRODUCT_BUNDLE_IDENTIFIER = "jamie.vibe-1Tests";
				PRODUCT_NAME = "$(TARGET_NAME)";
				SWIFT_EMIT_LOC_STRINGS = NO;
				SWIFT_VERSION = 5.0;
				TARGETED_DEVICE_FAMILY = "1,2";
				TEST_HOST = "$(BUILT_PRODUCTS_DIR)/vibe 1.app/$(BUNDLE_EXECUTABLE_FOLDER_PATH)/vibe 1";
			};
			name = Release;
		};
		26A333F72E91AAE8001ADEE9 /* Debug */ = {
			isa = XCBuildConfiguration;
			buildSettings = {
				CODE_SIGN_STYLE = Automatic;
				CURRENT_PROJECT_VERSION = 1;
				GENERATE_INFOPLIST_FILE = YES;
				MARKETING_VERSION = 1.0;
				PRODUCT_BUNDLE_IDENTIFIER = "jamie.vibe-1UITests";
				PRODUCT_NAME = "$(TARGET_NAME)";
				SWIFT_EMIT_LOC_STRINGS = NO;
				SWIFT_VERSION = 5.0;
				TARGETED_DEVICE_FAMILY = "1,2";
				TEST_TARGET_NAME = "vibe 1";
			};
			name = Debug;
		};
		26A333F82E91AAE8001ADEE9 /* Release */ = {
			isa = XCBuildConfiguration;
			buildSettings = {
				CODE_SIGN_STYLE = Automatic;
				CURRENT_PROJECT_VERSION = 1;
				GENERATE_INFOPLIST_FILE = YES;
				MARKETING_VERSION = 1.0;
				PRODUCT_BUNDLE_IDENTIFIER = "jamie.vibe-1UITests";
				PRODUCT_NAME = "$(TARGET_NAME)";
				SWIFT_EMIT_LOC_STRINGS = NO;
				SWIFT_VERSION = 5.0;
				TARGETED_DEVICE_FAMILY = "1,2";
				TEST_TARGET_NAME = "vibe 1";
			};
			name = Release;
		};
/* End XCBuildConfiguration section */

/* Begin XCConfigurationList section */
		26A333CA2E91AAE7001ADEE9 /* Build configuration list for PBXProject "vibe 1" */ = {
			isa = XCConfigurationList;
			buildConfigurations = (
				26A333EE2E91AAE8001ADEE9 /* Debug */,
				26A333EF2E91AAE8001ADEE9 /* Release */,
			);
			defaultConfigurationIsVisible = 0;
			defaultConfigurationName = Release;
		};
		26A333F02E91AAE8001ADEE9 /* Build configuration list for PBXNativeTarget "vibe 1" */ = {
			isa = XCConfigurationList;
			buildConfigurations = (
				26A333F12E91AAE8001ADEE9 /* Debug */,
				26A333F22E91AAE8001ADEE9 /* Release */,
			);
			defaultConfigurationIsVisible = 0;
			defaultConfigurationName = Release;
		};
		26A333F32E91AAE8001ADEE9 /* Build configuration list for PBXNativeTarget "vibe 1Tests" */ = {
			isa = XCConfigurationList;
			buildConfigurations = (
				26A333F42E91AAE8001ADEE9 /* Debug */,
				26A333F52E91AAE8001ADEE9 /* Release */,
			);
			defaultConfigurationIsVisible = 0;
			defaultConfigurationName = Release;
		};
		26A333F62E91AAE8001ADEE9 /* Build configuration list for PBXNativeTarget "vibe 1UITests" */ = {
			isa = XCConfigurationList;
			buildConfigurations = (
				26A333F72E91AAE8001ADEE9 /* Debug */,
				26A333F82E91AAE8001ADEE9 /* Release */,
			);
			defaultConfigurationIsVisible = 0;
			defaultConfigurationName = Release;
		};
/* End XCConfigurationList section */

/* Begin XCRemoteSwiftPackageReference section */
		26A334352E92DE9F001ADEE9 /* XCRemoteSwiftPackageReference "firebase-ios-sdk" */ = {
			isa = XCRemoteSwiftPackageReference;
			repositoryURL = "https://github.com/firebase/firebase-ios-sdk";
			requirement = {
				kind = upToNextMajorVersion;
				minimumVersion = 12.3.0;
			};
		};
/* End XCRemoteSwiftPackageReference section */

/* Begin XCSwiftPackageProductDependency section */
		26A334362E92DE9F001ADEE9 /* FirebaseAuth */ = {
			isa = XCSwiftPackageProductDependency;
			package = 26A334352E92DE9F001ADEE9 /* XCRemoteSwiftPackageReference "firebase-ios-sdk" */;
			productName = FirebaseAuth;
		};
		26A334382E92DE9F001ADEE9 /* FirebaseFirestore */ = {
			isa = XCSwiftPackageProductDependency;
			package = 26A334352E92DE9F001ADEE9 /* XCRemoteSwiftPackageReference "firebase-ios-sdk" */;
			productName = FirebaseFirestore;
		};
		26A3343A2E92DE9F001ADEE9 /* FirebaseStorage */ = {
			isa = XCSwiftPackageProductDependency;
			package = 26A334352E92DE9F001ADEE9 /* XCRemoteSwiftPackageReference "firebase-ios-sdk" */;
			productName = FirebaseStorage;
		};
		26F50B1D2E96ADE9008E66F3 /* FirebaseCore */ = {
			isa = XCSwiftPackageProductDependency;
			package = 26A334352E92DE9F001ADEE9 /* XCRemoteSwiftPackageReference "firebase-ios-sdk" */;
			productName = FirebaseCore;
		};
/* End XCSwiftPackageProductDependency section */
	};
	rootObject = 26A333C72E91AAE7001ADEE9 /* Project object */;
}
